
Microsoft Visual Studio Solution File, Format Version 12.00
# Visual Studio Version 16
VisualStudioVersion = 16.0.31624.102
MinimumVisualStudioVersion = 10.0.40219.1
Project("{FAE04EC0-301F-11D3-BF4B-00C04F79EFBC}") = "EjRepaso8", "EjRepaso8\EjRepaso8.csproj", "{57DA25A9-5FE6-4037-ADE5-0CB32A2BAF1A}"
EndProject
Global
	GlobalSection(SolutionConfigurationPlatforms) = preSolution
		Debug|Any CPU = Debug|Any CPU
		Release|Any CPU = Release|Any CPU
	EndGlobalSection
	GlobalSection(ProjectConfigurationPlatforms) = postSolution
		{57DA25A9-5FE6-4037-ADE5-0CB32A2BAF1A}.Debug|Any CPU.ActiveCfg = Debug|Any CPU
		{57DA25A9-5FE6-4037-ADE5-0CB32A2BAF1A}.Debug|Any CPU.Build.0 = Debug|Any CPU
		{57DA25A9-5FE6-4037-ADE5-0CB32A2BAF1A}.Release|Any CPU.ActiveCfg = Release|Any CPU
		{57DA25A9-5FE6-4037-ADE5-0CB32A2BAF1A}.Release|Any CPU.Build.0 = Release|Any CPU
	EndGlobalSection
	GlobalSection(SolutionProperties) = preSolution
		HideSolutionNode = FALSE
	EndGlobalSection
	GlobalSection(ExtensibilityGlobals) = postSolution
		SolutionGuid = {C4D26AEF-C9A3-4B74-815A-BAD5BCDC01CF}
	EndGlobalSection
EndGlobal
